
Microsoft Visual Studio Solution File, Format Version 12.00
# Visual Studio 14
VisualStudioVersion = 14.0.25420.1
MinimumVisualStudioVersion = 10.0.40219.1
Project("{FAE04EC0-301F-11D3-BF4B-00C04F79EFBC}") = "MusicStore.Web", "MusicStore.Web\MusicStore.Web.csproj", "{67FA0725-25BA-4E3C-BF73-2180AA106475}"
EndProject
Project("{FAE04EC0-301F-11D3-BF4B-00C04F79EFBC}") = "MusicStore.Data", "MusicStore.Data\MusicStore.Data.csproj", "{F224C913-129A-4B47-8FC5-5B93AB2E5028}"
EndProject
Project("{FAE04EC0-301F-11D3-BF4B-00C04F79EFBC}") = "MusicStore.DTO", "MusicStore.DTO\MusicStore.DTO.csproj", "{9726132D-9964-4A45-B1B4-36F610C1B332}"
EndProject
Global
	GlobalSection(SolutionConfigurationPlatforms) = preSolution
		Debug|Any CPU = Debug|Any CPU
		Release|Any CPU = Release|Any CPU
	EndGlobalSection
	GlobalSection(ProjectConfigurationPlatforms) = postSolution
		{67FA0725-25BA-4E3C-BF73-2180AA106475}.Debug|Any CPU.ActiveCfg = Debug|Any CPU
		{67FA0725-25BA-4E3C-BF73-2180AA106475}.Debug|Any CPU.Build.0 = Debug|Any CPU
		{67FA0725-25BA-4E3C-BF73-2180AA106475}.Release|Any CPU.ActiveCfg = Release|Any CPU
		{67FA0725-25BA-4E3C-BF73-2180AA106475}.Release|Any CPU.Build.0 = Release|Any CPU
		{F224C913-129A-4B47-8FC5-5B93AB2E5028}.Debug|Any CPU.ActiveCfg = Debug|Any CPU
		{F224C913-129A-4B47-8FC5-5B93AB2E5028}.Debug|Any CPU.Build.0 = Debug|Any CPU
		{F224C913-129A-4B47-8FC5-5B93AB2E5028}.Release|Any CPU.ActiveCfg = Release|Any CPU
		{F224C913-129A-4B47-8FC5-5B93AB2E5028}.Release|Any CPU.Build.0 = Release|Any CPU
		{9726132D-9964-4A45-B1B4-36F610C1B332}.Debug|Any CPU.ActiveCfg = Debug|Any CPU
		{9726132D-9964-4A45-B1B4-36F610C1B332}.Debug|Any CPU.Build.0 = Debug|Any CPU
		{9726132D-9964-4A45-B1B4-36F610C1B332}.Release|Any CPU.ActiveCfg = Release|Any CPU
		{9726132D-9964-4A45-B1B4-36F610C1B332}.Release|Any CPU.Build.0 = Release|Any CPU
	EndGlobalSection
	GlobalSection(SolutionProperties) = preSolution
		HideSolutionNode = FALSE
	EndGlobalSection
	GlobalSection(ExtensibilityGlobals) = postSolution
		SolutionGuid = {02FF5FE3-C33F-4135-BB6D-6CE16B1A0402}
	EndGlobalSection
EndGlobal
